{
  "lockfileVersion": 1,
  "configVersion": 1,
  "workspaces": {
    "": {
      "name": "cc-scripts",
      "devDependencies": {
        "luaparse": "^0.3.1",
      },
    },
  },
  "packages": {
    "luaparse": ["luaparse@0.3.1", "", { "bin": { "luaparse": "bin/luaparse" } }, "sha512-b21h2bFEbtGXmVqguHogbyrMAA0wOHyp9u/rx+w6Yc9pW1t9YjhGUsp87lYcp7pFRqSWN/PhFkrdIqKEUzRjjQ=="],
  }
}
